
Microsoft Visual Studio Solution File, Format Version 12.00
# Visual Studio Version 17
VisualStudioVersion = 17.2.32616.157
MinimumVisualStudioVersion = 10.0.40219.1
Project("{9A19103F-16F7-4668-BE54-9A1E7A4F7556}") = "FakeIMDB", "FakeIMDB\FakeIMDB.csproj", "{0B9569CA-D7C7-4971-96EF-C8D4F968752A}"
EndProject
Project("{2150E333-8FDC-42A3-9474-1A3956D46DE8}") = "Solution Items", "Solution Items", "{E97825D2-FD56-46A3-844E-B84EFF909672}"
	ProjectSection(SolutionItems) = preProject
		.editorconfig = .editorconfig
	EndProjectSection
EndProject
Project("{9A19103F-16F7-4668-BE54-9A1E7A4F7556}") = "Domain", "Core\Domain.csproj", "{869AABE3-ACA2-4507-8221-29DC6BF12890}"
EndProject
Project("{9A19103F-16F7-4668-BE54-9A1E7A4F7556}") = "Infrastructure", "Infrastructure\Infrastructure.csproj", "{EF6E5C48-B5AD-4132-8B53-CCD1F604474A}"
EndProject
Project("{9A19103F-16F7-4668-BE54-9A1E7A4F7556}") = "Application", "Application\Application.csproj", "{2C971388-E2FE-4D4D-94C5-9906E6468781}"
EndProject
Project("{FAE04EC0-301F-11D3-BF4B-00C04F79EFBC}") = "Presentation", "Presentation\Presentation.csproj", "{734EB312-203D-4DC0-B119-8245ED83A0B7}"
EndProject
Global
	GlobalSection(SolutionConfigurationPlatforms) = preSolution
		Debug|Any CPU = Debug|Any CPU
		Release|Any CPU = Release|Any CPU
	EndGlobalSection
	GlobalSection(ProjectConfigurationPlatforms) = postSolution
		{0B9569CA-D7C7-4971-96EF-C8D4F968752A}.Debug|Any CPU.ActiveCfg = Debug|Any CPU
		{0B9569CA-D7C7-4971-96EF-C8D4F968752A}.Debug|Any CPU.Build.0 = Debug|Any CPU
		{0B9569CA-D7C7-4971-96EF-C8D4F968752A}.Release|Any CPU.ActiveCfg = Release|Any CPU
		{0B9569CA-D7C7-4971-96EF-C8D4F968752A}.Release|Any CPU.Build.0 = Release|Any CPU
		{869AABE3-ACA2-4507-8221-29DC6BF12890}.Debug|Any CPU.ActiveCfg = Debug|Any CPU
		{869AABE3-ACA2-4507-8221-29DC6BF12890}.Debug|Any CPU.Build.0 = Debug|Any CPU
		{869AABE3-ACA2-4507-8221-29DC6BF12890}.Release|Any CPU.ActiveCfg = Release|Any CPU
		{869AABE3-ACA2-4507-8221-29DC6BF12890}.Release|Any CPU.Build.0 = Release|Any CPU
		{EF6E5C48-B5AD-4132-8B53-CCD1F604474A}.Debug|Any CPU.ActiveCfg = Debug|Any CPU
		{EF6E5C48-B5AD-4132-8B53-CCD1F604474A}.Debug|Any CPU.Build.0 = Debug|Any CPU
		{EF6E5C48-B5AD-4132-8B53-CCD1F604474A}.Release|Any CPU.ActiveCfg = Release|Any CPU
		{EF6E5C48-B5AD-4132-8B53-CCD1F604474A}.Release|Any CPU.Build.0 = Release|Any CPU
		{2C971388-E2FE-4D4D-94C5-9906E6468781}.Debug|Any CPU.ActiveCfg = Debug|Any CPU
		{2C971388-E2FE-4D4D-94C5-9906E6468781}.Debug|Any CPU.Build.0 = Debug|Any CPU
		{2C971388-E2FE-4D4D-94C5-9906E6468781}.Release|Any CPU.ActiveCfg = Release|Any CPU
		{2C971388-E2FE-4D4D-94C5-9906E6468781}.Release|Any CPU.Build.0 = Release|Any CPU
		{734EB312-203D-4DC0-B119-8245ED83A0B7}.Debug|Any CPU.ActiveCfg = Debug|Any CPU
		{734EB312-203D-4DC0-B119-8245ED83A0B7}.Debug|Any CPU.Build.0 = Debug|Any CPU
		{734EB312-203D-4DC0-B119-8245ED83A0B7}.Release|Any CPU.ActiveCfg = Release|Any CPU
		{734EB312-203D-4DC0-B119-8245ED83A0B7}.Release|Any CPU.Build.0 = Release|Any CPU
	EndGlobalSection
	GlobalSection(SolutionProperties) = preSolution
		HideSolutionNode = FALSE
	EndGlobalSection
	GlobalSection(ExtensibilityGlobals) = postSolution
		SolutionGuid = {D77EE5AA-9078-42BA-B391-52A757E8B8EF}
	EndGlobalSection
EndGlobal
